
Microsoft Visual Studio Solution File, Format Version 12.00
# Visual Studio Version 17
VisualStudioVersion = 17.0.31903.59
MinimumVisualStudioVersion = 10.0.40219.1
Project("{FAE04EC0-301F-11D3-BF4B-00C04F79EFBC}") = "Dotnet.Playground.Currencies", "Dotnet.Playground.Currencies\Dotnet.Playground.Currencies.csproj", "{DD71D044-115A-41C9-9AC7-1C7CC717B1C4}"
EndProject
Project("{FAE04EC0-301F-11D3-BF4B-00C04F79EFBC}") = "Dotnet.Playground.MinimalApi", "Dotnet.Playground.MinimalApi\Dotnet.Playground.MinimalApi.csproj", "{0C8A5AEF-AA34-44C2-9C94-4AE2371ACC96}"
EndProject
Project("{FAE04EC0-301F-11D3-BF4B-00C04F79EFBC}") = "Dotnet.Playground.Stryker", "Dotnet.Playground.Stryker\Dotnet.Playground.Stryker.csproj", "{2BA4A5DD-4F7D-4495-B614-651557DAA0F5}"
EndProject
Project("{FAE04EC0-301F-11D3-BF4B-00C04F79EFBC}") = "Dotnet.Playground.Persistence", "Dotnet.Playground.Persistence\Dotnet.Playground.Persistence.csproj", "{4B1D122E-343C-4A18-B8E8-63DF618567B8}"
EndProject
Project("{FAE04EC0-301F-11D3-BF4B-00C04F79EFBC}") = "Dotnet.Playground.WebApi", "Dotnet.Playground.WebApi\Dotnet.Playground.WebApi.csproj", "{CA449048-01F4-4641-A3A0-A7492FBD9C25}"
EndProject
Project("{FAE04EC0-301F-11D3-BF4B-00C04F79EFBC}") = "Dotnet.Playground.Webcrawler", "Dotnet.Playground.Webcrawler\Dotnet.Playground.Webcrawler.csproj", "{9442EFE3-0BE5-4931-A59D-F0562763BEE1}"
EndProject
Global
	GlobalSection(SolutionConfigurationPlatforms) = preSolution
		Debug|Any CPU = Debug|Any CPU
		Release|Any CPU = Release|Any CPU
	EndGlobalSection
	GlobalSection(SolutionProperties) = preSolution
		HideSolutionNode = FALSE
	EndGlobalSection
	GlobalSection(ProjectConfigurationPlatforms) = postSolution
		{DD71D044-115A-41C9-9AC7-1C7CC717B1C4}.Debug|Any CPU.ActiveCfg = Debug|Any CPU
		{DD71D044-115A-41C9-9AC7-1C7CC717B1C4}.Debug|Any CPU.Build.0 = Debug|Any CPU
		{DD71D044-115A-41C9-9AC7-1C7CC717B1C4}.Release|Any CPU.ActiveCfg = Release|Any CPU
		{DD71D044-115A-41C9-9AC7-1C7CC717B1C4}.Release|Any CPU.Build.0 = Release|Any CPU
		{0C8A5AEF-AA34-44C2-9C94-4AE2371ACC96}.Debug|Any CPU.ActiveCfg = Debug|Any CPU
		{0C8A5AEF-AA34-44C2-9C94-4AE2371ACC96}.Debug|Any CPU.Build.0 = Debug|Any CPU
		{0C8A5AEF-AA34-44C2-9C94-4AE2371ACC96}.Release|Any CPU.ActiveCfg = Release|Any CPU
		{0C8A5AEF-AA34-44C2-9C94-4AE2371ACC96}.Release|Any CPU.Build.0 = Release|Any CPU
		{2BA4A5DD-4F7D-4495-B614-651557DAA0F5}.Debug|Any CPU.ActiveCfg = Debug|Any CPU
		{2BA4A5DD-4F7D-4495-B614-651557DAA0F5}.Debug|Any CPU.Build.0 = Debug|Any CPU
		{2BA4A5DD-4F7D-4495-B614-651557DAA0F5}.Release|Any CPU.ActiveCfg = Release|Any CPU
		{2BA4A5DD-4F7D-4495-B614-651557DAA0F5}.Release|Any CPU.Build.0 = Release|Any CPU
		{4B1D122E-343C-4A18-B8E8-63DF618567B8}.Debug|Any CPU.ActiveCfg = Debug|Any CPU
		{4B1D122E-343C-4A18-B8E8-63DF618567B8}.Debug|Any CPU.Build.0 = Debug|Any CPU
		{4B1D122E-343C-4A18-B8E8-63DF618567B8}.Release|Any CPU.ActiveCfg = Release|Any CPU
		{4B1D122E-343C-4A18-B8E8-63DF618567B8}.Release|Any CPU.Build.0 = Release|Any CPU
		{CA449048-01F4-4641-A3A0-A7492FBD9C25}.Debug|Any CPU.ActiveCfg = Debug|Any CPU
		{CA449048-01F4-4641-A3A0-A7492FBD9C25}.Debug|Any CPU.Build.0 = Debug|Any CPU
		{CA449048-01F4-4641-A3A0-A7492FBD9C25}.Release|Any CPU.ActiveCfg = Release|Any CPU
		{CA449048-01F4-4641-A3A0-A7492FBD9C25}.Release|Any CPU.Build.0 = Release|Any CPU
		{9442EFE3-0BE5-4931-A59D-F0562763BEE1}.Debug|Any CPU.ActiveCfg = Debug|Any CPU
		{9442EFE3-0BE5-4931-A59D-F0562763BEE1}.Debug|Any CPU.Build.0 = Debug|Any CPU
		{9442EFE3-0BE5-4931-A59D-F0562763BEE1}.Release|Any CPU.ActiveCfg = Release|Any CPU
		{9442EFE3-0BE5-4931-A59D-F0562763BEE1}.Release|Any CPU.Build.0 = Release|Any CPU
	EndGlobalSection
EndGlobal
