
Microsoft Visual Studio Solution File, Format Version 12.00
# Visual Studio Version 17
VisualStudioVersion = 17.0.31903.59
MinimumVisualStudioVersion = 10.0.40219.1
Project("{2150E333-8FDC-42A3-9474-1A3956D46DE8}") = "SignalR", "SignalR", "{9BBDB39F-8A67-4892-88CE-B563A1D9F6F0}"
EndProject
Project("{2150E333-8FDC-42A3-9474-1A3956D46DE8}") = "ChatApp", "ChatApp", "{92236DC7-8FE6-4751-97F7-B9952745102E}"
EndProject
Project("{FAE04EC0-301F-11D3-BF4B-00C04F79EFBC}") = "Dotnet.Playground.SignalR.ChatApp.Client", "SignalR\ChatApp\Dotnet.Playground.SignalR.ChatApp.Client\Dotnet.Playground.SignalR.ChatApp.Client.csproj", "{DD1E8087-E0C7-4CA6-82AF-0E9159573537}"
EndProject
Project("{FAE04EC0-301F-11D3-BF4B-00C04F79EFBC}") = "Dotnet.Playground.SignalR.ChatApp.Server", "SignalR\ChatApp\Dotnet.Playground.SignalR.ChatApp.Server\Dotnet.Playground.SignalR.ChatApp.Server.csproj", "{FCF165E8-13C3-4FD1-8880-1718294A65FE}"
EndProject
Project("{2150E333-8FDC-42A3-9474-1A3956D46DE8}") = "Other", "Other", "{433ABF9F-2E09-4FF9-82EE-8BC001BD82A0}"
EndProject
Project("{FAE04EC0-301F-11D3-BF4B-00C04F79EFBC}") = "Dotnet.Playground.Webcrawler", "Other\Dotnet.Playground.Webcrawler\Dotnet.Playground.Webcrawler.csproj", "{088BF1E2-94D4-4F79-9238-76035A019507}"
EndProject
Project("{FAE04EC0-301F-11D3-BF4B-00C04F79EFBC}") = "Dotnet.Playground.WebApi", "Other\Dotnet.Playground.WebApi\Dotnet.Playground.WebApi.csproj", "{75CC5208-3BF2-48C6-8AD8-EA522849710D}"
EndProject
Project("{FAE04EC0-301F-11D3-BF4B-00C04F79EFBC}") = "Dotnet.Playground.Stryker", "Other\Dotnet.Playground.Stryker\Dotnet.Playground.Stryker.csproj", "{AD2E8174-5A01-43BC-8496-30D862497CF5}"
EndProject
Project("{FAE04EC0-301F-11D3-BF4B-00C04F79EFBC}") = "Dotnet.Playground.Persistence", "Other\Dotnet.Playground.Persistence\Dotnet.Playground.Persistence.csproj", "{EDE1C1F6-DA45-45D8-A11A-42150030475F}"
EndProject
Project("{FAE04EC0-301F-11D3-BF4B-00C04F79EFBC}") = "Dotnet.Playground.MinimalApi", "Other\Dotnet.Playground.MinimalApi\Dotnet.Playground.MinimalApi.csproj", "{64C75F58-7F56-4B4D-AF8B-24F000EEF9D1}"
EndProject
Project("{FAE04EC0-301F-11D3-BF4B-00C04F79EFBC}") = "Dotnet.Playground.Currencies", "Other\Dotnet.Playground.Currencies\Dotnet.Playground.Currencies.csproj", "{C1ECCBCD-9FFE-4C6D-B6E2-24EDF0F9AD9C}"
EndProject
Project("{FAE04EC0-301F-11D3-BF4B-00C04F79EFBC}") = "Dotnet.Playground.SignalR.Stocks", "SignalR\Dotnet.Playground.SignalR.Stocks\Dotnet.Playground.SignalR.Stocks.csproj", "{570BDF3C-42C5-4BD9-BA20-598A694B6CDF}"
EndProject
Project("{FAE04EC0-301F-11D3-BF4B-00C04F79EFBC}") = "Dotnet.Playground.ConsoleApp", "Other\Dotnet.Playground.ConsoleApp\Dotnet.Playground.ConsoleApp.csproj", "{869AE814-C598-4035-856F-5546844213F1}"
EndProject
Project("{2150E333-8FDC-42A3-9474-1A3956D46DE8}") = "NotificationSystem", "NotificationSystem", "{A3681324-7365-409A-AF2C-A8E100AB3290}"
EndProject
Project("{FAE04EC0-301F-11D3-BF4B-00C04F79EFBC}") = "Dotnet.Playground.SignalR.NotificationSystem.Server", "SignalR\NotificationSystem\Dotnet.Playground.SignalR.NotificationSystem.Server\Dotnet.Playground.SignalR.NotificationSystem.Server.csproj", "{27E3BAB7-3FF5-4F6C-87EB-2B1484A85DDD}"
EndProject
Project("{FAE04EC0-301F-11D3-BF4B-00C04F79EFBC}") = "Dotnet.Playground.SignalR.NotificationSystem.Client", "SignalR\NotificationSystem\Dotnet.Playground.SignalR.NotificationSystem.Client\Dotnet.Playground.SignalR.NotificationSystem.Client.csproj", "{78160465-699F-47EC-9A2A-FC42C792AB06}"
EndProject
Project("{FAE04EC0-301F-11D3-BF4B-00C04F79EFBC}") = "Dotnet.Playground.SignalR.Survey", "SignalR\Dotnet.Playground.SignalR.Survey\Dotnet.Playground.SignalR.Survey.csproj", "{505C214F-34A8-4BA6-B7D4-8DE126DDC535}"
EndProject
Project("{2150E333-8FDC-42A3-9474-1A3956D46DE8}") = "FandomCrawler", "FandomCrawler", "{73060166-32B6-C0F6-49E5-B92C88397173}"
EndProject
Project("{FAE04EC0-301F-11D3-BF4B-00C04F79EFBC}") = "Fandom.Runner", "FandomCrawler\Fandom.Runner\Fandom.Runner.csproj", "{7BAD9D06-8AF3-4AC1-9CEA-EAE25C1EEB48}"
EndProject
Project("{FAE04EC0-301F-11D3-BF4B-00C04F79EFBC}") = "Fandom.Crawler", "FandomCrawler\Fandom.Crawler\Fandom.Crawler.csproj", "{8E6D7A06-D5E0-4648-8B5A-3772979DCD14}"
EndProject
Global
	GlobalSection(SolutionConfigurationPlatforms) = preSolution
		Debug|Any CPU = Debug|Any CPU
		Debug|x64 = Debug|x64
		Debug|x86 = Debug|x86
		Release|Any CPU = Release|Any CPU
		Release|x64 = Release|x64
		Release|x86 = Release|x86
	EndGlobalSection
	GlobalSection(ProjectConfigurationPlatforms) = postSolution
		{DD1E8087-E0C7-4CA6-82AF-0E9159573537}.Debug|Any CPU.ActiveCfg = Debug|Any CPU
		{DD1E8087-E0C7-4CA6-82AF-0E9159573537}.Debug|Any CPU.Build.0 = Debug|Any CPU
		{DD1E8087-E0C7-4CA6-82AF-0E9159573537}.Debug|x64.ActiveCfg = Debug|Any CPU
		{DD1E8087-E0C7-4CA6-82AF-0E9159573537}.Debug|x64.Build.0 = Debug|Any CPU
		{DD1E8087-E0C7-4CA6-82AF-0E9159573537}.Debug|x86.ActiveCfg = Debug|Any CPU
		{DD1E8087-E0C7-4CA6-82AF-0E9159573537}.Debug|x86.Build.0 = Debug|Any CPU
		{DD1E8087-E0C7-4CA6-82AF-0E9159573537}.Release|Any CPU.ActiveCfg = Release|Any CPU
		{DD1E8087-E0C7-4CA6-82AF-0E9159573537}.Release|Any CPU.Build.0 = Release|Any CPU
		{DD1E8087-E0C7-4CA6-82AF-0E9159573537}.Release|x64.ActiveCfg = Release|Any CPU
		{DD1E8087-E0C7-4CA6-82AF-0E9159573537}.Release|x64.Build.0 = Release|Any CPU
		{DD1E8087-E0C7-4CA6-82AF-0E9159573537}.Release|x86.ActiveCfg = Release|Any CPU
		{DD1E8087-E0C7-4CA6-82AF-0E9159573537}.Release|x86.Build.0 = Release|Any CPU
		{FCF165E8-13C3-4FD1-8880-1718294A65FE}.Debug|Any CPU.ActiveCfg = Debug|Any CPU
		{FCF165E8-13C3-4FD1-8880-1718294A65FE}.Debug|Any CPU.Build.0 = Debug|Any CPU
		{FCF165E8-13C3-4FD1-8880-1718294A65FE}.Debug|x64.ActiveCfg = Debug|Any CPU
		{FCF165E8-13C3-4FD1-8880-1718294A65FE}.Debug|x64.Build.0 = Debug|Any CPU
		{FCF165E8-13C3-4FD1-8880-1718294A65FE}.Debug|x86.ActiveCfg = Debug|Any CPU
		{FCF165E8-13C3-4FD1-8880-1718294A65FE}.Debug|x86.Build.0 = Debug|Any CPU
		{FCF165E8-13C3-4FD1-8880-1718294A65FE}.Release|Any CPU.ActiveCfg = Release|Any CPU
		{FCF165E8-13C3-4FD1-8880-1718294A65FE}.Release|Any CPU.Build.0 = Release|Any CPU
		{FCF165E8-13C3-4FD1-8880-1718294A65FE}.Release|x64.ActiveCfg = Release|Any CPU
		{FCF165E8-13C3-4FD1-8880-1718294A65FE}.Release|x64.Build.0 = Release|Any CPU
		{FCF165E8-13C3-4FD1-8880-1718294A65FE}.Release|x86.ActiveCfg = Release|Any CPU
		{FCF165E8-13C3-4FD1-8880-1718294A65FE}.Release|x86.Build.0 = Release|Any CPU
		{088BF1E2-94D4-4F79-9238-76035A019507}.Debug|Any CPU.ActiveCfg = Debug|Any CPU
		{088BF1E2-94D4-4F79-9238-76035A019507}.Debug|Any CPU.Build.0 = Debug|Any CPU
		{088BF1E2-94D4-4F79-9238-76035A019507}.Debug|x64.ActiveCfg = Debug|Any CPU
		{088BF1E2-94D4-4F79-9238-76035A019507}.Debug|x64.Build.0 = Debug|Any CPU
		{088BF1E2-94D4-4F79-9238-76035A019507}.Debug|x86.ActiveCfg = Debug|Any CPU
		{088BF1E2-94D4-4F79-9238-76035A019507}.Debug|x86.Build.0 = Debug|Any CPU
		{088BF1E2-94D4-4F79-9238-76035A019507}.Release|Any CPU.ActiveCfg = Release|Any CPU
		{088BF1E2-94D4-4F79-9238-76035A019507}.Release|Any CPU.Build.0 = Release|Any CPU
		{088BF1E2-94D4-4F79-9238-76035A019507}.Release|x64.ActiveCfg = Release|Any CPU
		{088BF1E2-94D4-4F79-9238-76035A019507}.Release|x64.Build.0 = Release|Any CPU
		{088BF1E2-94D4-4F79-9238-76035A019507}.Release|x86.ActiveCfg = Release|Any CPU
		{088BF1E2-94D4-4F79-9238-76035A019507}.Release|x86.Build.0 = Release|Any CPU
		{75CC5208-3BF2-48C6-8AD8-EA522849710D}.Debug|Any CPU.ActiveCfg = Debug|Any CPU
		{75CC5208-3BF2-48C6-8AD8-EA522849710D}.Debug|Any CPU.Build.0 = Debug|Any CPU
		{75CC5208-3BF2-48C6-8AD8-EA522849710D}.Debug|x64.ActiveCfg = Debug|Any CPU
		{75CC5208-3BF2-48C6-8AD8-EA522849710D}.Debug|x64.Build.0 = Debug|Any CPU
		{75CC5208-3BF2-48C6-8AD8-EA522849710D}.Debug|x86.ActiveCfg = Debug|Any CPU
		{75CC5208-3BF2-48C6-8AD8-EA522849710D}.Debug|x86.Build.0 = Debug|Any CPU
		{75CC5208-3BF2-48C6-8AD8-EA522849710D}.Release|Any CPU.ActiveCfg = Release|Any CPU
		{75CC5208-3BF2-48C6-8AD8-EA522849710D}.Release|Any CPU.Build.0 = Release|Any CPU
		{75CC5208-3BF2-48C6-8AD8-EA522849710D}.Release|x64.ActiveCfg = Release|Any CPU
		{75CC5208-3BF2-48C6-8AD8-EA522849710D}.Release|x64.Build.0 = Release|Any CPU
		{75CC5208-3BF2-48C6-8AD8-EA522849710D}.Release|x86.ActiveCfg = Release|Any CPU
		{75CC5208-3BF2-48C6-8AD8-EA522849710D}.Release|x86.Build.0 = Release|Any CPU
		{AD2E8174-5A01-43BC-8496-30D862497CF5}.Debug|Any CPU.ActiveCfg = Debug|Any CPU
		{AD2E8174-5A01-43BC-8496-30D862497CF5}.Debug|Any CPU.Build.0 = Debug|Any CPU
		{AD2E8174-5A01-43BC-8496-30D862497CF5}.Debug|x64.ActiveCfg = Debug|Any CPU
		{AD2E8174-5A01-43BC-8496-30D862497CF5}.Debug|x64.Build.0 = Debug|Any CPU
		{AD2E8174-5A01-43BC-8496-30D862497CF5}.Debug|x86.ActiveCfg = Debug|Any CPU
		{AD2E8174-5A01-43BC-8496-30D862497CF5}.Debug|x86.Build.0 = Debug|Any CPU
		{AD2E8174-5A01-43BC-8496-30D862497CF5}.Release|Any CPU.ActiveCfg = Release|Any CPU
		{AD2E8174-5A01-43BC-8496-30D862497CF5}.Release|Any CPU.Build.0 = Release|Any CPU
		{AD2E8174-5A01-43BC-8496-30D862497CF5}.Release|x64.ActiveCfg = Release|Any CPU
		{AD2E8174-5A01-43BC-8496-30D862497CF5}.Release|x64.Build.0 = Release|Any CPU
		{AD2E8174-5A01-43BC-8496-30D862497CF5}.Release|x86.ActiveCfg = Release|Any CPU
		{AD2E8174-5A01-43BC-8496-30D862497CF5}.Release|x86.Build.0 = Release|Any CPU
		{EDE1C1F6-DA45-45D8-A11A-42150030475F}.Debug|Any CPU.ActiveCfg = Debug|Any CPU
		{EDE1C1F6-DA45-45D8-A11A-42150030475F}.Debug|Any CPU.Build.0 = Debug|Any CPU
		{EDE1C1F6-DA45-45D8-A11A-42150030475F}.Debug|x64.ActiveCfg = Debug|Any CPU
		{EDE1C1F6-DA45-45D8-A11A-42150030475F}.Debug|x64.Build.0 = Debug|Any CPU
		{EDE1C1F6-DA45-45D8-A11A-42150030475F}.Debug|x86.ActiveCfg = Debug|Any CPU
		{EDE1C1F6-DA45-45D8-A11A-42150030475F}.Debug|x86.Build.0 = Debug|Any CPU
		{EDE1C1F6-DA45-45D8-A11A-42150030475F}.Release|Any CPU.ActiveCfg = Release|Any CPU
		{EDE1C1F6-DA45-45D8-A11A-42150030475F}.Release|Any CPU.Build.0 = Release|Any CPU
		{EDE1C1F6-DA45-45D8-A11A-42150030475F}.Release|x64.ActiveCfg = Release|Any CPU
		{EDE1C1F6-DA45-45D8-A11A-42150030475F}.Release|x64.Build.0 = Release|Any CPU
		{EDE1C1F6-DA45-45D8-A11A-42150030475F}.Release|x86.ActiveCfg = Release|Any CPU
		{EDE1C1F6-DA45-45D8-A11A-42150030475F}.Release|x86.Build.0 = Release|Any CPU
		{64C75F58-7F56-4B4D-AF8B-24F000EEF9D1}.Debug|Any CPU.ActiveCfg = Debug|Any CPU
		{64C75F58-7F56-4B4D-AF8B-24F000EEF9D1}.Debug|Any CPU.Build.0 = Debug|Any CPU
		{64C75F58-7F56-4B4D-AF8B-24F000EEF9D1}.Debug|x64.ActiveCfg = Debug|Any CPU
		{64C75F58-7F56-4B4D-AF8B-24F000EEF9D1}.Debug|x64.Build.0 = Debug|Any CPU
		{64C75F58-7F56-4B4D-AF8B-24F000EEF9D1}.Debug|x86.ActiveCfg = Debug|Any CPU
		{64C75F58-7F56-4B4D-AF8B-24F000EEF9D1}.Debug|x86.Build.0 = Debug|Any CPU
		{64C75F58-7F56-4B4D-AF8B-24F000EEF9D1}.Release|Any CPU.ActiveCfg = Release|Any CPU
		{64C75F58-7F56-4B4D-AF8B-24F000EEF9D1}.Release|Any CPU.Build.0 = Release|Any CPU
		{64C75F58-7F56-4B4D-AF8B-24F000EEF9D1}.Release|x64.ActiveCfg = Release|Any CPU
		{64C75F58-7F56-4B4D-AF8B-24F000EEF9D1}.Release|x64.Build.0 = Release|Any CPU
		{64C75F58-7F56-4B4D-AF8B-24F000EEF9D1}.Release|x86.ActiveCfg = Release|Any CPU
		{64C75F58-7F56-4B4D-AF8B-24F000EEF9D1}.Release|x86.Build.0 = Release|Any CPU
		{C1ECCBCD-9FFE-4C6D-B6E2-24EDF0F9AD9C}.Debug|Any CPU.ActiveCfg = Debug|Any CPU
		{C1ECCBCD-9FFE-4C6D-B6E2-24EDF0F9AD9C}.Debug|Any CPU.Build.0 = Debug|Any CPU
		{C1ECCBCD-9FFE-4C6D-B6E2-24EDF0F9AD9C}.Debug|x64.ActiveCfg = Debug|Any CPU
		{C1ECCBCD-9FFE-4C6D-B6E2-24EDF0F9AD9C}.Debug|x64.Build.0 = Debug|Any CPU
		{C1ECCBCD-9FFE-4C6D-B6E2-24EDF0F9AD9C}.Debug|x86.ActiveCfg = Debug|Any CPU
		{C1ECCBCD-9FFE-4C6D-B6E2-24EDF0F9AD9C}.Debug|x86.Build.0 = Debug|Any CPU
		{C1ECCBCD-9FFE-4C6D-B6E2-24EDF0F9AD9C}.Release|Any CPU.ActiveCfg = Release|Any CPU
		{C1ECCBCD-9FFE-4C6D-B6E2-24EDF0F9AD9C}.Release|Any CPU.Build.0 = Release|Any CPU
		{C1ECCBCD-9FFE-4C6D-B6E2-24EDF0F9AD9C}.Release|x64.ActiveCfg = Release|Any CPU
		{C1ECCBCD-9FFE-4C6D-B6E2-24EDF0F9AD9C}.Release|x64.Build.0 = Release|Any CPU
		{C1ECCBCD-9FFE-4C6D-B6E2-24EDF0F9AD9C}.Release|x86.ActiveCfg = Release|Any CPU
		{C1ECCBCD-9FFE-4C6D-B6E2-24EDF0F9AD9C}.Release|x86.Build.0 = Release|Any CPU
		{570BDF3C-42C5-4BD9-BA20-598A694B6CDF}.Debug|Any CPU.ActiveCfg = Debug|Any CPU
		{570BDF3C-42C5-4BD9-BA20-598A694B6CDF}.Debug|Any CPU.Build.0 = Debug|Any CPU
		{570BDF3C-42C5-4BD9-BA20-598A694B6CDF}.Debug|x64.ActiveCfg = Debug|Any CPU
		{570BDF3C-42C5-4BD9-BA20-598A694B6CDF}.Debug|x64.Build.0 = Debug|Any CPU
		{570BDF3C-42C5-4BD9-BA20-598A694B6CDF}.Debug|x86.ActiveCfg = Debug|Any CPU
		{570BDF3C-42C5-4BD9-BA20-598A694B6CDF}.Debug|x86.Build.0 = Debug|Any CPU
		{570BDF3C-42C5-4BD9-BA20-598A694B6CDF}.Release|Any CPU.ActiveCfg = Release|Any CPU
		{570BDF3C-42C5-4BD9-BA20-598A694B6CDF}.Release|Any CPU.Build.0 = Release|Any CPU
		{570BDF3C-42C5-4BD9-BA20-598A694B6CDF}.Release|x64.ActiveCfg = Release|Any CPU
		{570BDF3C-42C5-4BD9-BA20-598A694B6CDF}.Release|x64.Build.0 = Release|Any CPU
		{570BDF3C-42C5-4BD9-BA20-598A694B6CDF}.Release|x86.ActiveCfg = Release|Any CPU
		{570BDF3C-42C5-4BD9-BA20-598A694B6CDF}.Release|x86.Build.0 = Release|Any CPU
		{869AE814-C598-4035-856F-5546844213F1}.Debug|Any CPU.ActiveCfg = Debug|Any CPU
		{869AE814-C598-4035-856F-5546844213F1}.Debug|Any CPU.Build.0 = Debug|Any CPU
		{869AE814-C598-4035-856F-5546844213F1}.Debug|x64.ActiveCfg = Debug|Any CPU
		{869AE814-C598-4035-856F-5546844213F1}.Debug|x64.Build.0 = Debug|Any CPU
		{869AE814-C598-4035-856F-5546844213F1}.Debug|x86.ActiveCfg = Debug|Any CPU
		{869AE814-C598-4035-856F-5546844213F1}.Debug|x86.Build.0 = Debug|Any CPU
		{869AE814-C598-4035-856F-5546844213F1}.Release|Any CPU.ActiveCfg = Release|Any CPU
		{869AE814-C598-4035-856F-5546844213F1}.Release|Any CPU.Build.0 = Release|Any CPU
		{869AE814-C598-4035-856F-5546844213F1}.Release|x64.ActiveCfg = Release|Any CPU
		{869AE814-C598-4035-856F-5546844213F1}.Release|x64.Build.0 = Release|Any CPU
		{869AE814-C598-4035-856F-5546844213F1}.Release|x86.ActiveCfg = Release|Any CPU
		{869AE814-C598-4035-856F-5546844213F1}.Release|x86.Build.0 = Release|Any CPU
		{27E3BAB7-3FF5-4F6C-87EB-2B1484A85DDD}.Debug|Any CPU.ActiveCfg = Debug|Any CPU
		{27E3BAB7-3FF5-4F6C-87EB-2B1484A85DDD}.Debug|Any CPU.Build.0 = Debug|Any CPU
		{27E3BAB7-3FF5-4F6C-87EB-2B1484A85DDD}.Debug|x64.ActiveCfg = Debug|Any CPU
		{27E3BAB7-3FF5-4F6C-87EB-2B1484A85DDD}.Debug|x64.Build.0 = Debug|Any CPU
		{27E3BAB7-3FF5-4F6C-87EB-2B1484A85DDD}.Debug|x86.ActiveCfg = Debug|Any CPU
		{27E3BAB7-3FF5-4F6C-87EB-2B1484A85DDD}.Debug|x86.Build.0 = Debug|Any CPU
		{27E3BAB7-3FF5-4F6C-87EB-2B1484A85DDD}.Release|Any CPU.ActiveCfg = Release|Any CPU
		{27E3BAB7-3FF5-4F6C-87EB-2B1484A85DDD}.Release|Any CPU.Build.0 = Release|Any CPU
		{27E3BAB7-3FF5-4F6C-87EB-2B1484A85DDD}.Release|x64.ActiveCfg = Release|Any CPU
		{27E3BAB7-3FF5-4F6C-87EB-2B1484A85DDD}.Release|x64.Build.0 = Release|Any CPU
		{27E3BAB7-3FF5-4F6C-87EB-2B1484A85DDD}.Release|x86.ActiveCfg = Release|Any CPU
		{27E3BAB7-3FF5-4F6C-87EB-2B1484A85DDD}.Release|x86.Build.0 = Release|Any CPU
		{78160465-699F-47EC-9A2A-FC42C792AB06}.Debug|Any CPU.ActiveCfg = Debug|Any CPU
		{78160465-699F-47EC-9A2A-FC42C792AB06}.Debug|Any CPU.Build.0 = Debug|Any CPU
		{78160465-699F-47EC-9A2A-FC42C792AB06}.Debug|x64.ActiveCfg = Debug|Any CPU
		{78160465-699F-47EC-9A2A-FC42C792AB06}.Debug|x64.Build.0 = Debug|Any CPU
		{78160465-699F-47EC-9A2A-FC42C792AB06}.Debug|x86.ActiveCfg = Debug|Any CPU
		{78160465-699F-47EC-9A2A-FC42C792AB06}.Debug|x86.Build.0 = Debug|Any CPU
		{78160465-699F-47EC-9A2A-FC42C792AB06}.Release|Any CPU.ActiveCfg = Release|Any CPU
		{78160465-699F-47EC-9A2A-FC42C792AB06}.Release|Any CPU.Build.0 = Release|Any CPU
		{78160465-699F-47EC-9A2A-FC42C792AB06}.Release|x64.ActiveCfg = Release|Any CPU
		{78160465-699F-47EC-9A2A-FC42C792AB06}.Release|x64.Build.0 = Release|Any CPU
		{78160465-699F-47EC-9A2A-FC42C792AB06}.Release|x86.ActiveCfg = Release|Any CPU
		{78160465-699F-47EC-9A2A-FC42C792AB06}.Release|x86.Build.0 = Release|Any CPU
		{505C214F-34A8-4BA6-B7D4-8DE126DDC535}.Debug|Any CPU.ActiveCfg = Debug|Any CPU
		{505C214F-34A8-4BA6-B7D4-8DE126DDC535}.Debug|Any CPU.Build.0 = Debug|Any CPU
		{505C214F-34A8-4BA6-B7D4-8DE126DDC535}.Debug|x64.ActiveCfg = Debug|Any CPU
		{505C214F-34A8-4BA6-B7D4-8DE126DDC535}.Debug|x64.Build.0 = Debug|Any CPU
		{505C214F-34A8-4BA6-B7D4-8DE126DDC535}.Debug|x86.ActiveCfg = Debug|Any CPU
		{505C214F-34A8-4BA6-B7D4-8DE126DDC535}.Debug|x86.Build.0 = Debug|Any CPU
		{505C214F-34A8-4BA6-B7D4-8DE126DDC535}.Release|Any CPU.ActiveCfg = Release|Any CPU
		{505C214F-34A8-4BA6-B7D4-8DE126DDC535}.Release|Any CPU.Build.0 = Release|Any CPU
		{505C214F-34A8-4BA6-B7D4-8DE126DDC535}.Release|x64.ActiveCfg = Release|Any CPU
		{505C214F-34A8-4BA6-B7D4-8DE126DDC535}.Release|x64.Build.0 = Release|Any CPU
		{505C214F-34A8-4BA6-B7D4-8DE126DDC535}.Release|x86.ActiveCfg = Release|Any CPU
		{505C214F-34A8-4BA6-B7D4-8DE126DDC535}.Release|x86.Build.0 = Release|Any CPU
		{7BAD9D06-8AF3-4AC1-9CEA-EAE25C1EEB48}.Debug|Any CPU.ActiveCfg = Debug|Any CPU
		{7BAD9D06-8AF3-4AC1-9CEA-EAE25C1EEB48}.Debug|Any CPU.Build.0 = Debug|Any CPU
		{7BAD9D06-8AF3-4AC1-9CEA-EAE25C1EEB48}.Debug|x64.ActiveCfg = Debug|Any CPU
		{7BAD9D06-8AF3-4AC1-9CEA-EAE25C1EEB48}.Debug|x64.Build.0 = Debug|Any CPU
		{7BAD9D06-8AF3-4AC1-9CEA-EAE25C1EEB48}.Debug|x86.ActiveCfg = Debug|Any CPU
		{7BAD9D06-8AF3-4AC1-9CEA-EAE25C1EEB48}.Debug|x86.Build.0 = Debug|Any CPU
		{7BAD9D06-8AF3-4AC1-9CEA-EAE25C1EEB48}.Release|Any CPU.ActiveCfg = Release|Any CPU
		{7BAD9D06-8AF3-4AC1-9CEA-EAE25C1EEB48}.Release|Any CPU.Build.0 = Release|Any CPU
		{7BAD9D06-8AF3-4AC1-9CEA-EAE25C1EEB48}.Release|x64.ActiveCfg = Release|Any CPU
		{7BAD9D06-8AF3-4AC1-9CEA-EAE25C1EEB48}.Release|x64.Build.0 = Release|Any CPU
		{7BAD9D06-8AF3-4AC1-9CEA-EAE25C1EEB48}.Release|x86.ActiveCfg = Release|Any CPU
		{7BAD9D06-8AF3-4AC1-9CEA-EAE25C1EEB48}.Release|x86.Build.0 = Release|Any CPU
		{8E6D7A06-D5E0-4648-8B5A-3772979DCD14}.Debug|Any CPU.ActiveCfg = Debug|Any CPU
		{8E6D7A06-D5E0-4648-8B5A-3772979DCD14}.Debug|Any CPU.Build.0 = Debug|Any CPU
		{8E6D7A06-D5E0-4648-8B5A-3772979DCD14}.Debug|x64.ActiveCfg = Debug|Any CPU
		{8E6D7A06-D5E0-4648-8B5A-3772979DCD14}.Debug|x64.Build.0 = Debug|Any CPU
		{8E6D7A06-D5E0-4648-8B5A-3772979DCD14}.Debug|x86.ActiveCfg = Debug|Any CPU
		{8E6D7A06-D5E0-4648-8B5A-3772979DCD14}.Debug|x86.Build.0 = Debug|Any CPU
		{8E6D7A06-D5E0-4648-8B5A-3772979DCD14}.Release|Any CPU.ActiveCfg = Release|Any CPU
		{8E6D7A06-D5E0-4648-8B5A-3772979DCD14}.Release|Any CPU.Build.0 = Release|Any CPU
		{8E6D7A06-D5E0-4648-8B5A-3772979DCD14}.Release|x64.ActiveCfg = Release|Any CPU
		{8E6D7A06-D5E0-4648-8B5A-3772979DCD14}.Release|x64.Build.0 = Release|Any CPU
		{8E6D7A06-D5E0-4648-8B5A-3772979DCD14}.Release|x86.ActiveCfg = Release|Any CPU
		{8E6D7A06-D5E0-4648-8B5A-3772979DCD14}.Release|x86.Build.0 = Release|Any CPU
	EndGlobalSection
	GlobalSection(SolutionProperties) = preSolution
		HideSolutionNode = FALSE
	EndGlobalSection
	GlobalSection(NestedProjects) = preSolution
		{92236DC7-8FE6-4751-97F7-B9952745102E} = {9BBDB39F-8A67-4892-88CE-B563A1D9F6F0}
		{DD1E8087-E0C7-4CA6-82AF-0E9159573537} = {92236DC7-8FE6-4751-97F7-B9952745102E}
		{FCF165E8-13C3-4FD1-8880-1718294A65FE} = {92236DC7-8FE6-4751-97F7-B9952745102E}
		{088BF1E2-94D4-4F79-9238-76035A019507} = {433ABF9F-2E09-4FF9-82EE-8BC001BD82A0}
		{75CC5208-3BF2-48C6-8AD8-EA522849710D} = {433ABF9F-2E09-4FF9-82EE-8BC001BD82A0}
		{AD2E8174-5A01-43BC-8496-30D862497CF5} = {433ABF9F-2E09-4FF9-82EE-8BC001BD82A0}
		{EDE1C1F6-DA45-45D8-A11A-42150030475F} = {433ABF9F-2E09-4FF9-82EE-8BC001BD82A0}
		{64C75F58-7F56-4B4D-AF8B-24F000EEF9D1} = {433ABF9F-2E09-4FF9-82EE-8BC001BD82A0}
		{C1ECCBCD-9FFE-4C6D-B6E2-24EDF0F9AD9C} = {433ABF9F-2E09-4FF9-82EE-8BC001BD82A0}
		{570BDF3C-42C5-4BD9-BA20-598A694B6CDF} = {9BBDB39F-8A67-4892-88CE-B563A1D9F6F0}
		{869AE814-C598-4035-856F-5546844213F1} = {433ABF9F-2E09-4FF9-82EE-8BC001BD82A0}
		{A3681324-7365-409A-AF2C-A8E100AB3290} = {9BBDB39F-8A67-4892-88CE-B563A1D9F6F0}
		{27E3BAB7-3FF5-4F6C-87EB-2B1484A85DDD} = {A3681324-7365-409A-AF2C-A8E100AB3290}
		{78160465-699F-47EC-9A2A-FC42C792AB06} = {A3681324-7365-409A-AF2C-A8E100AB3290}
		{505C214F-34A8-4BA6-B7D4-8DE126DDC535} = {9BBDB39F-8A67-4892-88CE-B563A1D9F6F0}
		{7BAD9D06-8AF3-4AC1-9CEA-EAE25C1EEB48} = {73060166-32B6-C0F6-49E5-B92C88397173}
		{8E6D7A06-D5E0-4648-8B5A-3772979DCD14} = {73060166-32B6-C0F6-49E5-B92C88397173}
	EndGlobalSection
EndGlobal
